
Microsoft Visual Studio Solution File, Format Version 12.00
# Visual Studio Version 17
VisualStudioVersion = 17.4.33213.308
MinimumVisualStudioVersion = 10.0.40219.1
Project("{9A19103F-16F7-4668-BE54-9A1E7A4F7556}") = "MyProject", "MyProject\MyProject.csproj", "{8F4D19D3-A70B-4AB9-A56F-7FC3C0DA88EE}"
EndProject
Project("{FAE04EC0-301F-11D3-BF4B-00C04F79EFBC}") = "MyProject.Tests", "MyProject.Tests\MyProject.Tests.csproj", "{49B83372-FCEC-4F77-B316-EAFC453D2D71}"
EndProject
Global
	GlobalSection(SolutionConfigurationPlatforms) = preSolution
		Debug|Any CPU = Debug|Any CPU
		Release|Any CPU = Release|Any CPU
	EndGlobalSection
	GlobalSection(ProjectConfigurationPlatforms) = postSolution
		{8F4D19D3-A70B-4AB9-A56F-7FC3C0DA88EE}.Debug|Any CPU.ActiveCfg = Debug|Any CPU
		{8F4D19D3-A70B-4AB9-A56F-7FC3C0DA88EE}.Debug|Any CPU.Build.0 = Debug|Any CPU
		{8F4D19D3-A70B-4AB9-A56F-7FC3C0DA88EE}.Release|Any CPU.ActiveCfg = Release|Any CPU
		{8F4D19D3-A70B-4AB9-A56F-7FC3C0DA88EE}.Release|Any CPU.Build.0 = Release|Any CPU
		{49B83372-FCEC-4F77-B316-EAFC453D2D71}.Debug|Any CPU.ActiveCfg = Debug|Any CPU
		{49B83372-FCEC-4F77-B316-EAFC453D2D71}.Debug|Any CPU.Build.0 = Debug|Any CPU
		{49B83372-FCEC-4F77-B316-EAFC453D2D71}.Release|Any CPU.ActiveCfg = Release|Any CPU
		{49B83372-FCEC-4F77-B316-EAFC453D2D71}.Release|Any CPU.Build.0 = Release|Any CPU
	EndGlobalSection
	GlobalSection(SolutionProperties) = preSolution
		HideSolutionNode = FALSE
	EndGlobalSection
	GlobalSection(ExtensibilityGlobals) = postSolution
		SolutionGuid = {BA877A06-BD2A-4535-9386-E23ADA6D1A4C}
	EndGlobalSection
EndGlobal
